// !$*UTF8*$!
{
	archiveVersion = 1;
	classes = {
	};
	objectVersion = 51;
	objects = {

/* Begin PBXBuildFile section */
		1ABBDFF814316FE802FFCD66 /* Pods_counterjack_counterjackUITests.framework in Frameworks */ = {isa = PBXBuildFile; fileRef = 57F7A39667D224247B0D362F /* Pods_counterjack_counterjackUITests.framework */; };
		3C2B628AC12CB3A403A56E65 /* Pods_counterjack.framework in Frameworks */ = {isa = PBXBuildFile; fileRef = 0C4A59E4441AF10C576698CD /* Pods_counterjack.framework */; };
		97FE7D9830DF4DF56B1B87F9 /* Pods_counterjackTests.framework in Frameworks */ = {isa = PBXBuildFile; fileRef = 7E354A64DEB4B7C73369AE57 /* Pods_counterjackTests.framework */; };
		E7186D4D2558180D00CF6A81 /* AppDelegate.swift in Sources */ = {isa = PBXBuildFile; fileRef = E7186D4C2558180D00CF6A81 /* AppDelegate.swift */; };
		E7186D4F2558180D00CF6A81 /* SceneDelegate.swift in Sources */ = {isa = PBXBuildFile; fileRef = E7186D4E2558180D00CF6A81 /* SceneDelegate.swift */; };
		E7186D512558180D00CF6A81 /* InitialViewController.swift in Sources */ = {isa = PBXBuildFile; fileRef = E7186D502558180D00CF6A81 /* InitialViewController.swift */; };
		E7186D542558180D00CF6A81 /* Main.storyboard in Resources */ = {isa = PBXBuildFile; fileRef = E7186D522558180D00CF6A81 /* Main.storyboard */; };
		E7186D572558180D00CF6A81 /* counterjack.xcdatamodeld in Sources */ = {isa = PBXBuildFile; fileRef = E7186D552558180D00CF6A81 /* counterjack.xcdatamodeld */; };
		E7186D592558181100CF6A81 /* Assets.xcassets in Resources */ = {isa = PBXBuildFile; fileRef = E7186D582558181100CF6A81 /* Assets.xcassets */; };
		E7186D5C2558181100CF6A81 /* LaunchScreen.storyboard in Resources */ = {isa = PBXBuildFile; fileRef = E7186D5A2558181100CF6A81 /* LaunchScreen.storyboard */; };
		E7186D672558181100CF6A81 /* counterjackTests.swift in Sources */ = {isa = PBXBuildFile; fileRef = E7186D662558181100CF6A81 /* counterjackTests.swift */; };
		E7186D722558181100CF6A81 /* counterjackUITests.swift in Sources */ = {isa = PBXBuildFile; fileRef = E7186D712558181100CF6A81 /* counterjackUITests.swift */; };
		E7186D832558232800CF6A81 /* LoginViewController.swift in Sources */ = {isa = PBXBuildFile; fileRef = E7186D822558232800CF6A81 /* LoginViewController.swift */; };
		E7B75A0525596AA5008D5136 /* GoogleService-Info.plist in Resources */ = {isa = PBXBuildFile; fileRef = E7B75A0425596AA5008D5136 /* GoogleService-Info.plist */; };
		E7B75A0625596AA5008D5136 /* GoogleService-Info.plist in Resources */ = {isa = PBXBuildFile; fileRef = E7B75A0425596AA5008D5136 /* GoogleService-Info.plist */; };
		E7B75A0725596AA5008D5136 /* GoogleService-Info.plist in Resources */ = {isa = PBXBuildFile; fileRef = E7B75A0425596AA5008D5136 /* GoogleService-Info.plist */; };
		E7B75A0925596DE3008D5136 /* Constants.swift in Sources */ = {isa = PBXBuildFile; fileRef = E7B75A0825596DE3008D5136 /* Constants.swift */; };
		E7B75A0A25596DE3008D5136 /* Constants.swift in Sources */ = {isa = PBXBuildFile; fileRef = E7B75A0825596DE3008D5136 /* Constants.swift */; };
		E7B75A0B25596DE3008D5136 /* Constants.swift in Sources */ = {isa = PBXBuildFile; fileRef = E7B75A0825596DE3008D5136 /* Constants.swift */; };
		E7B75A0D25598089008D5136 /* SignUp1ViewController.swift in Sources */ = {isa = PBXBuildFile; fileRef = E7B75A0C25598089008D5136 /* SignUp1ViewController.swift */; };
		E7B75A0E25598089008D5136 /* SignUp1ViewController.swift in Sources */ = {isa = PBXBuildFile; fileRef = E7B75A0C25598089008D5136 /* SignUp1ViewController.swift */; };
		E7B75A0F25598089008D5136 /* SignUp1ViewController.swift in Sources */ = {isa = PBXBuildFile; fileRef = E7B75A0C25598089008D5136 /* SignUp1ViewController.swift */; };
		E7B75A112559809B008D5136 /* SignUp2ViewController.swift in Sources */ = {isa = PBXBuildFile; fileRef = E7B75A102559809B008D5136 /* SignUp2ViewController.swift */; };
		E7B75A122559809B008D5136 /* SignUp2ViewController.swift in Sources */ = {isa = PBXBuildFile; fileRef = E7B75A102559809B008D5136 /* SignUp2ViewController.swift */; };
		E7B75A132559809B008D5136 /* SignUp2ViewController.swift in Sources */ = {isa = PBXBuildFile; fileRef = E7B75A102559809B008D5136 /* SignUp2ViewController.swift */; };
		E7C3F2C32561DD3000A4C4F9 /* Player.swift in Sources */ = {isa = PBXBuildFile; fileRef = E7C3F2C22561DD3000A4C4F9 /* Player.swift */; };
		E7C3F2C52561E4C700A4C4F9 /* AI.swift in Sources */ = {isa = PBXBuildFile; fileRef = E7C3F2C42561E4C700A4C4F9 /* AI.swift */; };
		E7C3F2C72561E5D500A4C4F9 /* Card.swift in Sources */ = {isa = PBXBuildFile; fileRef = E7C3F2C62561E5D500A4C4F9 /* Card.swift */; };
/* End PBXBuildFile section */

/* Begin PBXContainerItemProxy section */
		E7186D632558181100CF6A81 /* PBXContainerItemProxy */ = {
			isa = PBXContainerItemProxy;
			containerPortal = E7186D412558180D00CF6A81 /* Project object */;
			proxyType = 1;
			remoteGlobalIDString = E7186D482558180D00CF6A81;
			remoteInfo = counterjack;
		};
		E7186D6E2558181100CF6A81 /* PBXContainerItemProxy */ = {
			isa = PBXContainerItemProxy;
			containerPortal = E7186D412558180D00CF6A81 /* Project object */;
			proxyType = 1;
			remoteGlobalIDString = E7186D482558180D00CF6A81;
			remoteInfo = counterjack;
		};
/* End PBXContainerItemProxy section */

/* Begin PBXFileReference section */
		0C4A59E4441AF10C576698CD /* Pods_counterjack.framework */ = {isa = PBXFileReference; explicitFileType = wrapper.framework; includeInIndex = 0; path = Pods_counterjack.framework; sourceTree = BUILT_PRODUCTS_DIR; };
		0E4758285DE1CE8BC624AB1E /* Pods-counterjackTests.debug.xcconfig */ = {isa = PBXFileReference; includeInIndex = 1; lastKnownFileType = text.xcconfig; name = "Pods-counterjackTests.debug.xcconfig"; path = "Target Support Files/Pods-counterjackTests/Pods-counterjackTests.debug.xcconfig"; sourceTree = "<group>"; };
		4AA57AB3FB063FB749BE47CD /* Pods-counterjack-counterjackUITests.release.xcconfig */ = {isa = PBXFileReference; includeInIndex = 1; lastKnownFileType = text.xcconfig; name = "Pods-counterjack-counterjackUITests.release.xcconfig"; path = "Target Support Files/Pods-counterjack-counterjackUITests/Pods-counterjack-counterjackUITests.release.xcconfig"; sourceTree = "<group>"; };
		57F7A39667D224247B0D362F /* Pods_counterjack_counterjackUITests.framework */ = {isa = PBXFileReference; explicitFileType = wrapper.framework; includeInIndex = 0; path = Pods_counterjack_counterjackUITests.framework; sourceTree = BUILT_PRODUCTS_DIR; };
		7E354A64DEB4B7C73369AE57 /* Pods_counterjackTests.framework */ = {isa = PBXFileReference; explicitFileType = wrapper.framework; includeInIndex = 0; path = Pods_counterjackTests.framework; sourceTree = BUILT_PRODUCTS_DIR; };
		BBC00064BB18A4C6A95A92EC /* Pods-counterjack-counterjackUITests.debug.xcconfig */ = {isa = PBXFileReference; includeInIndex = 1; lastKnownFileType = text.xcconfig; name = "Pods-counterjack-counterjackUITests.debug.xcconfig"; path = "Target Support Files/Pods-counterjack-counterjackUITests/Pods-counterjack-counterjackUITests.debug.xcconfig"; sourceTree = "<group>"; };
		DFB5D8E09EC4FB5ACA06970B /* Pods-counterjack.debug.xcconfig */ = {isa = PBXFileReference; includeInIndex = 1; lastKnownFileType = text.xcconfig; name = "Pods-counterjack.debug.xcconfig"; path = "Target Support Files/Pods-counterjack/Pods-counterjack.debug.xcconfig"; sourceTree = "<group>"; };
		E60BB27412410DBA7F443262 /* Pods-counterjack.release.xcconfig */ = {isa = PBXFileReference; includeInIndex = 1; lastKnownFileType = text.xcconfig; name = "Pods-counterjack.release.xcconfig"; path = "Target Support Files/Pods-counterjack/Pods-counterjack.release.xcconfig"; sourceTree = "<group>"; };
		E7186D492558180D00CF6A81 /* counterjack.app */ = {isa = PBXFileReference; explicitFileType = wrapper.application; includeInIndex = 0; path = counterjack.app; sourceTree = BUILT_PRODUCTS_DIR; };
		E7186D4C2558180D00CF6A81 /* AppDelegate.swift */ = {isa = PBXFileReference; lastKnownFileType = sourcecode.swift; path = AppDelegate.swift; sourceTree = "<group>"; };
		E7186D4E2558180D00CF6A81 /* SceneDelegate.swift */ = {isa = PBXFileReference; lastKnownFileType = sourcecode.swift; path = SceneDelegate.swift; sourceTree = "<group>"; };
		E7186D502558180D00CF6A81 /* InitialViewController.swift */ = {isa = PBXFileReference; lastKnownFileType = sourcecode.swift; path = InitialViewController.swift; sourceTree = "<group>"; };
		E7186D532558180D00CF6A81 /* Base */ = {isa = PBXFileReference; lastKnownFileType = file.storyboard; name = Base; path = Base.lproj/Main.storyboard; sourceTree = "<group>"; };
		E7186D562558180D00CF6A81 /* counterjack.xcdatamodel */ = {isa = PBXFileReference; lastKnownFileType = wrapper.xcdatamodel; path = counterjack.xcdatamodel; sourceTree = "<group>"; };
		E7186D582558181100CF6A81 /* Assets.xcassets */ = {isa = PBXFileReference; lastKnownFileType = folder.assetcatalog; path = Assets.xcassets; sourceTree = "<group>"; };
		E7186D5B2558181100CF6A81 /* Base */ = {isa = PBXFileReference; lastKnownFileType = file.storyboard; name = Base; path = Base.lproj/LaunchScreen.storyboard; sourceTree = "<group>"; };
		E7186D5D2558181100CF6A81 /* Info.plist */ = {isa = PBXFileReference; lastKnownFileType = text.plist.xml; path = Info.plist; sourceTree = "<group>"; };
		E7186D622558181100CF6A81 /* counterjackTests.xctest */ = {isa = PBXFileReference; explicitFileType = wrapper.cfbundle; includeInIndex = 0; path = counterjackTests.xctest; sourceTree = BUILT_PRODUCTS_DIR; };
		E7186D662558181100CF6A81 /* counterjackTests.swift */ = {isa = PBXFileReference; lastKnownFileType = sourcecode.swift; path = counterjackTests.swift; sourceTree = "<group>"; };
		E7186D682558181100CF6A81 /* Info.plist */ = {isa = PBXFileReference; lastKnownFileType = text.plist.xml; path = Info.plist; sourceTree = "<group>"; };
		E7186D6D2558181100CF6A81 /* counterjackUITests.xctest */ = {isa = PBXFileReference; explicitFileType = wrapper.cfbundle; includeInIndex = 0; path = counterjackUITests.xctest; sourceTree = BUILT_PRODUCTS_DIR; };
		E7186D712558181100CF6A81 /* counterjackUITests.swift */ = {isa = PBXFileReference; lastKnownFileType = sourcecode.swift; path = counterjackUITests.swift; sourceTree = "<group>"; };
		E7186D732558181100CF6A81 /* Info.plist */ = {isa = PBXFileReference; lastKnownFileType = text.plist.xml; path = Info.plist; sourceTree = "<group>"; };
		E7186D822558232800CF6A81 /* LoginViewController.swift */ = {isa = PBXFileReference; lastKnownFileType = sourcecode.swift; path = LoginViewController.swift; sourceTree = "<group>"; };
		E7B75A0425596AA5008D5136 /* GoogleService-Info.plist */ = {isa = PBXFileReference; fileEncoding = 4; lastKnownFileType = text.plist.xml; path = "GoogleService-Info.plist"; sourceTree = "<group>"; };
		E7B75A0825596DE3008D5136 /* Constants.swift */ = {isa = PBXFileReference; lastKnownFileType = sourcecode.swift; path = Constants.swift; sourceTree = "<group>"; };
		E7B75A0C25598089008D5136 /* SignUp1ViewController.swift */ = {isa = PBXFileReference; lastKnownFileType = sourcecode.swift; path = SignUp1ViewController.swift; sourceTree = "<group>"; };
		E7B75A102559809B008D5136 /* SignUp2ViewController.swift */ = {isa = PBXFileReference; lastKnownFileType = sourcecode.swift; path = SignUp2ViewController.swift; sourceTree = "<group>"; };
		E7C3F2C22561DD3000A4C4F9 /* Player.swift */ = {isa = PBXFileReference; lastKnownFileType = sourcecode.swift; path = Player.swift; sourceTree = "<group>"; };
		E7C3F2C42561E4C700A4C4F9 /* AI.swift */ = {isa = PBXFileReference; lastKnownFileType = sourcecode.swift; path = AI.swift; sourceTree = "<group>"; };
		E7C3F2C62561E5D500A4C4F9 /* Card.swift */ = {isa = PBXFileReference; lastKnownFileType = sourcecode.swift; path = Card.swift; sourceTree = "<group>"; };
		F8F65A7E499FFB7E20A537FD /* Pods-counterjackTests.release.xcconfig */ = {isa = PBXFileReference; includeInIndex = 1; lastKnownFileType = text.xcconfig; name = "Pods-counterjackTests.release.xcconfig"; path = "Target Support Files/Pods-counterjackTests/Pods-counterjackTests.release.xcconfig"; sourceTree = "<group>"; };
/* End PBXFileReference section */

/* Begin PBXFrameworksBuildPhase section */
		E7186D462558180D00CF6A81 /* Frameworks */ = {
			isa = PBXFrameworksBuildPhase;
			buildActionMask = 2147483647;
			files = (
				3C2B628AC12CB3A403A56E65 /* Pods_counterjack.framework in Frameworks */,
			);
			runOnlyForDeploymentPostprocessing = 0;
		};
		E7186D5F2558181100CF6A81 /* Frameworks */ = {
			isa = PBXFrameworksBuildPhase;
			buildActionMask = 2147483647;
			files = (
				97FE7D9830DF4DF56B1B87F9 /* Pods_counterjackTests.framework in Frameworks */,
			);
			runOnlyForDeploymentPostprocessing = 0;
		};
		E7186D6A2558181100CF6A81 /* Frameworks */ = {
			isa = PBXFrameworksBuildPhase;
			buildActionMask = 2147483647;
			files = (
				1ABBDFF814316FE802FFCD66 /* Pods_counterjack_counterjackUITests.framework in Frameworks */,
			);
			runOnlyForDeploymentPostprocessing = 0;
		};
/* End PBXFrameworksBuildPhase section */

/* Begin PBXGroup section */
		32EB4EF3F0C0D3BB27FC19D5 /* Pods */ = {
			isa = PBXGroup;
			children = (
				DFB5D8E09EC4FB5ACA06970B /* Pods-counterjack.debug.xcconfig */,
				E60BB27412410DBA7F443262 /* Pods-counterjack.release.xcconfig */,
				BBC00064BB18A4C6A95A92EC /* Pods-counterjack-counterjackUITests.debug.xcconfig */,
				4AA57AB3FB063FB749BE47CD /* Pods-counterjack-counterjackUITests.release.xcconfig */,
				0E4758285DE1CE8BC624AB1E /* Pods-counterjackTests.debug.xcconfig */,
				F8F65A7E499FFB7E20A537FD /* Pods-counterjackTests.release.xcconfig */,
			);
			path = Pods;
			sourceTree = "<group>";
		};
		4F173D26813084BE9C4FF5C4 /* Frameworks */ = {
			isa = PBXGroup;
			children = (
				0C4A59E4441AF10C576698CD /* Pods_counterjack.framework */,
				57F7A39667D224247B0D362F /* Pods_counterjack_counterjackUITests.framework */,
				7E354A64DEB4B7C73369AE57 /* Pods_counterjackTests.framework */,
			);
			name = Frameworks;
			sourceTree = "<group>";
		};
		E7186D402558180D00CF6A81 = {
			isa = PBXGroup;
			children = (
				E7186D4B2558180D00CF6A81 /* counterjack */,
				E7186D652558181100CF6A81 /* counterjackTests */,
				E7186D702558181100CF6A81 /* counterjackUITests */,
				E7186D4A2558180D00CF6A81 /* Products */,
				32EB4EF3F0C0D3BB27FC19D5 /* Pods */,
				4F173D26813084BE9C4FF5C4 /* Frameworks */,
			);
			sourceTree = "<group>";
		};
		E7186D4A2558180D00CF6A81 /* Products */ = {
			isa = PBXGroup;
			children = (
				E7186D492558180D00CF6A81 /* counterjack.app */,
				E7186D622558181100CF6A81 /* counterjackTests.xctest */,
				E7186D6D2558181100CF6A81 /* counterjackUITests.xctest */,
			);
			name = Products;
			sourceTree = "<group>";
		};
		E7186D4B2558180D00CF6A81 /* counterjack */ = {
			isa = PBXGroup;
			children = (
				E7186D812558183700CF6A81 /* Views */,
				E7186D802558182F00CF6A81 /* Controllers */,
				E7186D7F2558181E00CF6A81 /* Models */,
				E7186D4C2558180D00CF6A81 /* AppDelegate.swift */,
				E7186D4E2558180D00CF6A81 /* SceneDelegate.swift */,
				E7186D582558181100CF6A81 /* Assets.xcassets */,
				E7186D5A2558181100CF6A81 /* LaunchScreen.storyboard */,
				E7186D5D2558181100CF6A81 /* Info.plist */,
				E7B75A0425596AA5008D5136 /* GoogleService-Info.plist */,
				E7186D552558180D00CF6A81 /* counterjack.xcdatamodeld */,
				E7B75A0825596DE3008D5136 /* Constants.swift */,
			);
			path = counterjack;
			sourceTree = "<group>";
		};
		E7186D652558181100CF6A81 /* counterjackTests */ = {
			isa = PBXGroup;
			children = (
				E7186D662558181100CF6A81 /* counterjackTests.swift */,
				E7186D682558181100CF6A81 /* Info.plist */,
			);
			path = counterjackTests;
			sourceTree = "<group>";
		};
		E7186D702558181100CF6A81 /* counterjackUITests */ = {
			isa = PBXGroup;
			children = (
				E7186D712558181100CF6A81 /* counterjackUITests.swift */,
				E7186D732558181100CF6A81 /* Info.plist */,
			);
			path = counterjackUITests;
			sourceTree = "<group>";
		};
		E7186D7F2558181E00CF6A81 /* Models */ = {
			isa = PBXGroup;
			children = (
				E7C3F2C22561DD3000A4C4F9 /* Player.swift */,
				E7C3F2C42561E4C700A4C4F9 /* AI.swift */,
				E7C3F2C62561E5D500A4C4F9 /* Card.swift */,
			);
			path = Models;
			sourceTree = "<group>";
		};
		E7186D802558182F00CF6A81 /* Controllers */ = {
			isa = PBXGroup;
			children = (
				E7186D502558180D00CF6A81 /* InitialViewController.swift */,
				E7186D822558232800CF6A81 /* LoginViewController.swift */,
				E7B75A0C25598089008D5136 /* SignUp1ViewController.swift */,
				E7B75A102559809B008D5136 /* SignUp2ViewController.swift */,
			);
			path = Controllers;
			sourceTree = "<group>";
		};
		E7186D812558183700CF6A81 /* Views */ = {
			isa = PBXGroup;
			children = (
				E7186D522558180D00CF6A81 /* Main.storyboard */,
			);
			path = Views;
			sourceTree = "<group>";
		};
/* End PBXGroup section */

/* Begin PBXNativeTarget section */
		E7186D482558180D00CF6A81 /* counterjack */ = {
			isa = PBXNativeTarget;
			buildConfigurationList = E7186D762558181100CF6A81 /* Build configuration list for PBXNativeTarget "counterjack" */;
			buildPhases = (
				CF3AC8CA2C63AFCA19E7E677 /* [CP] Check Pods Manifest.lock */,
				E7186D452558180D00CF6A81 /* Sources */,
				E7186D462558180D00CF6A81 /* Frameworks */,
				E7186D472558180D00CF6A81 /* Resources */,
				B8CA37CBBBB2D60E9027C78E /* [CP] Embed Pods Frameworks */,
			);
			buildRules = (
			);
			dependencies = (
			);
			name = counterjack;
			productName = counterjack;
			productReference = E7186D492558180D00CF6A81 /* counterjack.app */;
			productType = "com.apple.product-type.application";
		};
		E7186D612558181100CF6A81 /* counterjackTests */ = {
			isa = PBXNativeTarget;
			buildConfigurationList = E7186D792558181100CF6A81 /* Build configuration list for PBXNativeTarget "counterjackTests" */;
			buildPhases = (
				FF7B7B91C79394CB35B77912 /* [CP] Check Pods Manifest.lock */,
				E7186D5E2558181100CF6A81 /* Sources */,
				E7186D5F2558181100CF6A81 /* Frameworks */,
				E7186D602558181100CF6A81 /* Resources */,
			);
			buildRules = (
			);
			dependencies = (
				E7186D642558181100CF6A81 /* PBXTargetDependency */,
			);
			name = counterjackTests;
			productName = counterjackTests;
			productReference = E7186D622558181100CF6A81 /* counterjackTests.xctest */;
			productType = "com.apple.product-type.bundle.unit-test";
		};
		E7186D6C2558181100CF6A81 /* counterjackUITests */ = {
			isa = PBXNativeTarget;
			buildConfigurationList = E7186D7C2558181100CF6A81 /* Build configuration list for PBXNativeTarget "counterjackUITests" */;
			buildPhases = (
				9DB5BA091611F68AF7FD248B /* [CP] Check Pods Manifest.lock */,
				E7186D692558181100CF6A81 /* Sources */,
				E7186D6A2558181100CF6A81 /* Frameworks */,
				E7186D6B2558181100CF6A81 /* Resources */,
				E059841BD7D02760AC303E0E /* [CP] Embed Pods Frameworks */,
			);
			buildRules = (
			);
			dependencies = (
				E7186D6F2558181100CF6A81 /* PBXTargetDependency */,
			);
			name = counterjackUITests;
			productName = counterjackUITests;
			productReference = E7186D6D2558181100CF6A81 /* counterjackUITests.xctest */;
			productType = "com.apple.product-type.bundle.ui-testing";
		};
/* End PBXNativeTarget section */

/* Begin PBXProject section */
		E7186D412558180D00CF6A81 /* Project object */ = {
			isa = PBXProject;
			attributes = {
				LastSwiftUpdateCheck = 1110;
				LastUpgradeCheck = 1110;
				ORGANIZATIONNAME = "Samson Petrosyan";
				TargetAttributes = {
					E7186D482558180D00CF6A81 = {
						CreatedOnToolsVersion = 11.1;
					};
					E7186D612558181100CF6A81 = {
						CreatedOnToolsVersion = 11.1;
						TestTargetID = E7186D482558180D00CF6A81;
					};
					E7186D6C2558181100CF6A81 = {
						CreatedOnToolsVersion = 11.1;
						TestTargetID = E7186D482558180D00CF6A81;
					};
				};
			};
			buildConfigurationList = E7186D442558180D00CF6A81 /* Build configuration list for PBXProject "counterjack" */;
			compatibilityVersion = "Xcode 9.3";
			developmentRegion = en;
			hasScannedForEncodings = 0;
			knownRegions = (
				en,
				Base,
			);
			mainGroup = E7186D402558180D00CF6A81;
			productRefGroup = E7186D4A2558180D00CF6A81 /* Products */;
			projectDirPath = "";
			projectRoot = "";
			targets = (
				E7186D482558180D00CF6A81 /* counterjack */,
				E7186D612558181100CF6A81 /* counterjackTests */,
				E7186D6C2558181100CF6A81 /* counterjackUITests */,
			);
		};
/* End PBXProject section */

/* Begin PBXResourcesBuildPhase section */
		E7186D472558180D00CF6A81 /* Resources */ = {
			isa = PBXResourcesBuildPhase;
			buildActionMask = 2147483647;
			files = (
				E7186D5C2558181100CF6A81 /* LaunchScreen.storyboard in Resources */,
				E7B75A0525596AA5008D5136 /* GoogleService-Info.plist in Resources */,
				E7186D592558181100CF6A81 /* Assets.xcassets in Resources */,
				E7186D542558180D00CF6A81 /* Main.storyboard in Resources */,
			);
			runOnlyForDeploymentPostprocessing = 0;
		};
		E7186D602558181100CF6A81 /* Resources */ = {
			isa = PBXResourcesBuildPhase;
			buildActionMask = 2147483647;
			files = (
				E7B75A0625596AA5008D5136 /* GoogleService-Info.plist in Resources */,
			);
			runOnlyForDeploymentPostprocessing = 0;
		};
		E7186D6B2558181100CF6A81 /* Resources */ = {
			isa = PBXResourcesBuildPhase;
			buildActionMask = 2147483647;
			files = (
				E7B75A0725596AA5008D5136 /* GoogleService-Info.plist in Resources */,
			);
			runOnlyForDeploymentPostprocessing = 0;
		};
/* End PBXResourcesBuildPhase section */

/* Begin PBXShellScriptBuildPhase section */
		9DB5BA091611F68AF7FD248B /* [CP] Check Pods Manifest.lock */ = {
			isa = PBXShellScriptBuildPhase;
			buildActionMask = 2147483647;
			files = (
			);
			inputFileListPaths = (
			);
			inputPaths = (
				"${PODS_PODFILE_DIR_PATH}/Podfile.lock",
				"${PODS_ROOT}/Manifest.lock",
			);
			name = "[CP] Check Pods Manifest.lock";
			outputFileListPaths = (
			);
			outputPaths = (
				"$(DERIVED_FILE_DIR)/Pods-counterjack-counterjackUITests-checkManifestLockResult.txt",
			);
			runOnlyForDeploymentPostprocessing = 0;
			shellPath = /bin/sh;
			shellScript = "diff \"${PODS_PODFILE_DIR_PATH}/Podfile.lock\" \"${PODS_ROOT}/Manifest.lock\" > /dev/null\nif [ $? != 0 ] ; then\n    # print error to STDERR\n    echo \"error: The sandbox is not in sync with the Podfile.lock. Run 'pod install' or update your CocoaPods installation.\" >&2\n    exit 1\nfi\n# This output is used by Xcode 'outputs' to avoid re-running this script phase.\necho \"SUCCESS\" > \"${SCRIPT_OUTPUT_FILE_0}\"\n";
			showEnvVarsInLog = 0;
		};
		B8CA37CBBBB2D60E9027C78E /* [CP] Embed Pods Frameworks */ = {
			isa = PBXShellScriptBuildPhase;
			buildActionMask = 2147483647;
			files = (
			);
			inputFileListPaths = (
				"${PODS_ROOT}/Target Support Files/Pods-counterjack/Pods-counterjack-frameworks-${CONFIGURATION}-input-files.xcfilelist",
			);
			name = "[CP] Embed Pods Frameworks";
			outputFileListPaths = (
				"${PODS_ROOT}/Target Support Files/Pods-counterjack/Pods-counterjack-frameworks-${CONFIGURATION}-output-files.xcfilelist",
			);
			runOnlyForDeploymentPostprocessing = 0;
			shellPath = /bin/sh;
			shellScript = "\"${PODS_ROOT}/Target Support Files/Pods-counterjack/Pods-counterjack-frameworks.sh\"\n";
			showEnvVarsInLog = 0;
		};
		CF3AC8CA2C63AFCA19E7E677 /* [CP] Check Pods Manifest.lock */ = {
			isa = PBXShellScriptBuildPhase;
			buildActionMask = 2147483647;
			files = (
			);
			inputFileListPaths = (
			);
			inputPaths = (
				"${PODS_PODFILE_DIR_PATH}/Podfile.lock",
				"${PODS_ROOT}/Manifest.lock",
			);
			name = "[CP] Check Pods Manifest.lock";
			outputFileListPaths = (
			);
			outputPaths = (
				"$(DERIVED_FILE_DIR)/Pods-counterjack-checkManifestLockResult.txt",
			);
			runOnlyForDeploymentPostprocessing = 0;
			shellPath = /bin/sh;
			shellScript = "diff \"${PODS_PODFILE_DIR_PATH}/Podfile.lock\" \"${PODS_ROOT}/Manifest.lock\" > /dev/null\nif [ $? != 0 ] ; then\n    # print error to STDERR\n    echo \"error: The sandbox is not in sync with the Podfile.lock. Run 'pod install' or update your CocoaPods installation.\" >&2\n    exit 1\nfi\n# This output is used by Xcode 'outputs' to avoid re-running this script phase.\necho \"SUCCESS\" > \"${SCRIPT_OUTPUT_FILE_0}\"\n";
			showEnvVarsInLog = 0;
		};
		E059841BD7D02760AC303E0E /* [CP] Embed Pods Frameworks */ = {
			isa = PBXShellScriptBuildPhase;
			buildActionMask = 2147483647;
			files = (
			);
			inputFileListPaths = (
				"${PODS_ROOT}/Target Support Files/Pods-counterjack-counterjackUITests/Pods-counterjack-counterjackUITests-frameworks-${CONFIGURATION}-input-files.xcfilelist",
			);
			name = "[CP] Embed Pods Frameworks";
			outputFileListPaths = (
				"${PODS_ROOT}/Target Support Files/Pods-counterjack-counterjackUITests/Pods-counterjack-counterjackUITests-frameworks-${CONFIGURATION}-output-files.xcfilelist",
			);
			runOnlyForDeploymentPostprocessing = 0;
			shellPath = /bin/sh;
			shellScript = "\"${PODS_ROOT}/Target Support Files/Pods-counterjack-counterjackUITests/Pods-counterjack-counterjackUITests-frameworks.sh\"\n";
			showEnvVarsInLog = 0;
		};
		FF7B7B91C79394CB35B77912 /* [CP] Check Pods Manifest.lock */ = {
			isa = PBXShellScriptBuildPhase;
			buildActionMask = 2147483647;
			files = (
			);
			inputFileListPaths = (
			);
			inputPaths = (
				"${PODS_PODFILE_DIR_PATH}/Podfile.lock",
				"${PODS_ROOT}/Manifest.lock",
			);
			name = "[CP] Check Pods Manifest.lock";
			outputFileListPaths = (
			);
			outputPaths = (
				"$(DERIVED_FILE_DIR)/Pods-counterjackTests-checkManifestLockResult.txt",
			);
			runOnlyForDeploymentPostprocessing = 0;
			shellPath = /bin/sh;
			shellScript = "diff \"${PODS_PODFILE_DIR_PATH}/Podfile.lock\" \"${PODS_ROOT}/Manifest.lock\" > /dev/null\nif [ $? != 0 ] ; then\n    # print error to STDERR\n    echo \"error: The sandbox is not in sync with the Podfile.lock. Run 'pod install' or update your CocoaPods installation.\" >&2\n    exit 1\nfi\n# This output is used by Xcode 'outputs' to avoid re-running this script phase.\necho \"SUCCESS\" > \"${SCRIPT_OUTPUT_FILE_0}\"\n";
			showEnvVarsInLog = 0;
		};
/* End PBXShellScriptBuildPhase section */

/* Begin PBXSourcesBuildPhase section */
		E7186D452558180D00CF6A81 /* Sources */ = {
			isa = PBXSourcesBuildPhase;
			buildActionMask = 2147483647;
			files = (
				E7B75A0D25598089008D5136 /* SignUp1ViewController.swift in Sources */,
				E7186D512558180D00CF6A81 /* InitialViewController.swift in Sources */,
				E7186D572558180D00CF6A81 /* counterjack.xcdatamodeld in Sources */,
				E7C3F2C52561E4C700A4C4F9 /* AI.swift in Sources */,
				E7186D4D2558180D00CF6A81 /* AppDelegate.swift in Sources */,
				E7186D832558232800CF6A81 /* LoginViewController.swift in Sources */,
				E7B75A112559809B008D5136 /* SignUp2ViewController.swift in Sources */,
				E7186D4F2558180D00CF6A81 /* SceneDelegate.swift in Sources */,
				E7C3F2C32561DD3000A4C4F9 /* Player.swift in Sources */,
				E7B75A0925596DE3008D5136 /* Constants.swift in Sources */,
				E7C3F2C72561E5D500A4C4F9 /* Card.swift in Sources */,
			);
			runOnlyForDeploymentPostprocessing = 0;
		};
		E7186D5E2558181100CF6A81 /* Sources */ = {
			isa = PBXSourcesBuildPhase;
			buildActionMask = 2147483647;
			files = (
				E7B75A0E25598089008D5136 /* SignUp1ViewController.swift in Sources */,
				E7B75A122559809B008D5136 /* SignUp2ViewController.swift in Sources */,
				E7186D672558181100CF6A81 /* counterjackTests.swift in Sources */,
				E7B75A0A25596DE3008D5136 /* Constants.swift in Sources */,
			);
			runOnlyForDeploymentPostprocessing = 0;
		};
		E7186D692558181100CF6A81 /* Sources */ = {
			isa = PBXSourcesBuildPhase;
			buildActionMask = 2147483647;
			files = (
				E7B75A0F25598089008D5136 /* SignUp1ViewController.swift in Sources */,
				E7B75A132559809B008D5136 /* SignUp2ViewController.swift in Sources */,
				E7186D722558181100CF6A81 /* counterjackUITests.swift in Sources */,
				E7B75A0B25596DE3008D5136 /* Constants.swift in Sources */,
			);
			runOnlyForDeploymentPostprocessing = 0;
		};
/* End PBXSourcesBuildPhase section */

/* Begin PBXTargetDependency section */
		E7186D642558181100CF6A81 /* PBXTargetDependency */ = {
			isa = PBXTargetDependency;
			target = E7186D482558180D00CF6A81 /* counterjack */;
			targetProxy = E7186D632558181100CF6A81 /* PBXContainerItemProxy */;
		};
		E7186D6F2558181100CF6A81 /* PBXTargetDependency */ = {
			isa = PBXTargetDependency;
			target = E7186D482558180D00CF6A81 /* counterjack */;
			targetProxy = E7186D6E2558181100CF6A81 /* PBXContainerItemProxy */;
		};
/* End PBXTargetDependency section */

/* Begin PBXVariantGroup section */
		E7186D522558180D00CF6A81 /* Main.storyboard */ = {
			isa = PBXVariantGroup;
			children = (
				E7186D532558180D00CF6A81 /* Base */,
			);
			name = Main.storyboard;
			sourceTree = "<group>";
		};
		E7186D5A2558181100CF6A81 /* LaunchScreen.storyboard */ = {
			isa = PBXVariantGroup;
			children = (
				E7186D5B2558181100CF6A81 /* Base */,
			);
			name = LaunchScreen.storyboard;
			sourceTree = "<group>";
		};
/* End PBXVariantGroup section */

/* Begin XCBuildConfiguration section */
		E7186D742558181100CF6A81 /* Debug */ = {
			isa = XCBuildConfiguration;
			buildSettings = {
				ALWAYS_SEARCH_USER_PATHS = NO;
				CLANG_ANALYZER_NONNULL = YES;
				CLANG_ANALYZER_NUMBER_OBJECT_CONVERSION = YES_AGGRESSIVE;
				CLANG_CXX_LANGUAGE_STANDARD = "gnu++14";
				CLANG_CXX_LIBRARY = "libc++";
				CLANG_ENABLE_MODULES = YES;
				CLANG_ENABLE_OBJC_ARC = YES;
				CLANG_ENABLE_OBJC_WEAK = YES;
				CLANG_WARN_BLOCK_CAPTURE_AUTORELEASING = YES;
				CLANG_WARN_BOOL_CONVERSION = YES;
				CLANG_WARN_COMMA = YES;
				CLANG_WARN_CONSTANT_CONVERSION = YES;
				CLANG_WARN_DEPRECATED_OBJC_IMPLEMENTATIONS = YES;
				CLANG_WARN_DIRECT_OBJC_ISA_USAGE = YES_ERROR;
				CLANG_WARN_DOCUMENTATION_COMMENTS = YES;
				CLANG_WARN_EMPTY_BODY = YES;
				CLANG_WARN_ENUM_CONVERSION = YES;
				CLANG_WARN_INFINITE_RECURSION = YES;
				CLANG_WARN_INT_CONVERSION = YES;
				CLANG_WARN_NON_LITERAL_NULL_CONVERSION = YES;
				CLANG_WARN_OBJC_IMPLICIT_RETAIN_SELF = YES;
				CLANG_WARN_OBJC_LITERAL_CONVERSION = YES;
				CLANG_WARN_OBJC_ROOT_CLASS = YES_ERROR;
				CLANG_WARN_RANGE_LOOP_ANALYSIS = YES;
				CLANG_WARN_STRICT_PROTOTYPES = YES;
				CLANG_WARN_SUSPICIOUS_MOVE = YES;
				CLANG_WARN_UNGUARDED_AVAILABILITY = YES_AGGRESSIVE;
				CLANG_WARN_UNREACHABLE_CODE = YES;
				CLANG_WARN__DUPLICATE_METHOD_MATCH = YES;
				COPY_PHASE_STRIP = NO;
				DEBUG_INFORMATION_FORMAT = dwarf;
				ENABLE_STRICT_OBJC_MSGSEND = YES;
				ENABLE_TESTABILITY = YES;
				GCC_C_LANGUAGE_STANDARD = gnu11;
				GCC_DYNAMIC_NO_PIC = NO;
				GCC_NO_COMMON_BLOCKS = YES;
				GCC_OPTIMIZATION_LEVEL = 0;
				GCC_PREPROCESSOR_DEFINITIONS = (
					"DEBUG=1",
					"$(inherited)",
				);
				GCC_WARN_64_TO_32_BIT_CONVERSION = YES;
				GCC_WARN_ABOUT_RETURN_TYPE = YES_ERROR;
				GCC_WARN_UNDECLARED_SELECTOR = YES;
				GCC_WARN_UNINITIALIZED_AUTOS = YES_AGGRESSIVE;
				GCC_WARN_UNUSED_FUNCTION = YES;
				GCC_WARN_UNUSED_VARIABLE = YES;
				IPHONEOS_DEPLOYMENT_TARGET = 13.1;
				MTL_ENABLE_DEBUG_INFO = INCLUDE_SOURCE;
				MTL_FAST_MATH = YES;
				ONLY_ACTIVE_ARCH = YES;
				SDKROOT = iphoneos;
				SWIFT_ACTIVE_COMPILATION_CONDITIONS = DEBUG;
				SWIFT_OPTIMIZATION_LEVEL = "-Onone";
			};
			name = Debug;
		};
		E7186D752558181100CF6A81 /* Release */ = {
			isa = XCBuildConfiguration;
			buildSettings = {
				ALWAYS_SEARCH_USER_PATHS = NO;
				CLANG_ANALYZER_NONNULL = YES;
				CLANG_ANALYZER_NUMBER_OBJECT_CONVERSION = YES_AGGRESSIVE;
				CLANG_CXX_LANGUAGE_STANDARD = "gnu++14";
				CLANG_CXX_LIBRARY = "libc++";
				CLANG_ENABLE_MODULES = YES;
				CLANG_ENABLE_OBJC_ARC = YES;
				CLANG_ENABLE_OBJC_WEAK = YES;
				CLANG_WARN_BLOCK_CAPTURE_AUTORELEASING = YES;
				CLANG_WARN_BOOL_CONVERSION = YES;
				CLANG_WARN_COMMA = YES;
				CLANG_WARN_CONSTANT_CONVERSION = YES;
				CLANG_WARN_DEPRECATED_OBJC_IMPLEMENTATIONS = YES;
				CLANG_WARN_DIRECT_OBJC_ISA_USAGE = YES_ERROR;
				CLANG_WARN_DOCUMENTATION_COMMENTS = YES;
				CLANG_WARN_EMPTY_BODY = YES;
				CLANG_WARN_ENUM_CONVERSION = YES;
				CLANG_WARN_INFINITE_RECURSION = YES;
				CLANG_WARN_INT_CONVERSION = YES;
				CLANG_WARN_NON_LITERAL_NULL_CONVERSION = YES;
				CLANG_WARN_OBJC_IMPLICIT_RETAIN_SELF = YES;
				CLANG_WARN_OBJC_LITERAL_CONVERSION = YES;
				CLANG_WARN_OBJC_ROOT_CLASS = YES_ERROR;
				CLANG_WARN_RANGE_LOOP_ANALYSIS = YES;
				CLANG_WARN_STRICT_PROTOTYPES = YES;
				CLANG_WARN_SUSPICIOUS_MOVE = YES;
				CLANG_WARN_UNGUARDED_AVAILABILITY = YES_AGGRESSIVE;
				CLANG_WARN_UNREACHABLE_CODE = YES;
				CLANG_WARN__DUPLICATE_METHOD_MATCH = YES;
				COPY_PHASE_STRIP = NO;
				DEBUG_INFORMATION_FORMAT = "dwarf-with-dsym";
				ENABLE_NS_ASSERTIONS = NO;
				ENABLE_STRICT_OBJC_MSGSEND = YES;
				GCC_C_LANGUAGE_STANDARD = gnu11;
				GCC_NO_COMMON_BLOCKS = YES;
				GCC_WARN_64_TO_32_BIT_CONVERSION = YES;
				GCC_WARN_ABOUT_RETURN_TYPE = YES_ERROR;
				GCC_WARN_UNDECLARED_SELECTOR = YES;
				GCC_WARN_UNINITIALIZED_AUTOS = YES_AGGRESSIVE;
				GCC_WARN_UNUSED_FUNCTION = YES;
				GCC_WARN_UNUSED_VARIABLE = YES;
				IPHONEOS_DEPLOYMENT_TARGET = 13.1;
				MTL_ENABLE_DEBUG_INFO = NO;
				MTL_FAST_MATH = YES;
				SDKROOT = iphoneos;
				SWIFT_COMPILATION_MODE = wholemodule;
				SWIFT_OPTIMIZATION_LEVEL = "-O";
				VALIDATE_PRODUCT = YES;
			};
			name = Release;
		};
		E7186D772558181100CF6A81 /* Debug */ = {
			isa = XCBuildConfiguration;
			baseConfigurationReference = DFB5D8E09EC4FB5ACA06970B /* Pods-counterjack.debug.xcconfig */;
			buildSettings = {
				ASSETCATALOG_COMPILER_APPICON_NAME = AppIcon;
				CODE_SIGN_STYLE = Automatic;
				DEVELOPMENT_TEAM = 24WP5N7FF2;
				INFOPLIST_FILE = counterjack/Info.plist;
				LD_RUNPATH_SEARCH_PATHS = (
					"$(inherited)",
					"@executable_path/Frameworks",
				);
				PRODUCT_BUNDLE_IDENTIFIER = com.samson.counterjack;
				PRODUCT_NAME = "$(TARGET_NAME)";
				SWIFT_VERSION = 5.0;
				TARGETED_DEVICE_FAMILY = "1,2";
			};
			name = Debug;
		};
		E7186D782558181100CF6A81 /* Release */ = {
			isa = XCBuildConfiguration;
			baseConfigurationReference = E60BB27412410DBA7F443262 /* Pods-counterjack.release.xcconfig */;
			buildSettings = {
				ASSETCATALOG_COMPILER_APPICON_NAME = AppIcon;
				CODE_SIGN_STYLE = Automatic;
				DEVELOPMENT_TEAM = 24WP5N7FF2;
				INFOPLIST_FILE = counterjack/Info.plist;
				LD_RUNPATH_SEARCH_PATHS = (
					"$(inherited)",
					"@executable_path/Frameworks",
				);
				PRODUCT_BUNDLE_IDENTIFIER = com.samson.counterjack;
				PRODUCT_NAME = "$(TARGET_NAME)";
				SWIFT_VERSION = 5.0;
				TARGETED_DEVICE_FAMILY = "1,2";
			};
			name = Release;
		};
		E7186D7A2558181100CF6A81 /* Debug */ = {
			isa = XCBuildConfiguration;
			baseConfigurationReference = 0E4758285DE1CE8BC624AB1E /* Pods-counterjackTests.debug.xcconfig */;
			buildSettings = {
				ALWAYS_EMBED_SWIFT_STANDARD_LIBRARIES = YES;
				BUNDLE_LOADER = "$(TEST_HOST)";
				CODE_SIGN_STYLE = Automatic;
				DEVELOPMENT_TEAM = 24WP5N7FF2;
				INFOPLIST_FILE = counterjackTests/Info.plist;
				IPHONEOS_DEPLOYMENT_TARGET = 13.1;
				LD_RUNPATH_SEARCH_PATHS = (
					"$(inherited)",
					"@executable_path/Frameworks",
					"@loader_path/Frameworks",
				);
				PRODUCT_BUNDLE_IDENTIFIER = com.samson.counterjackTests;
				PRODUCT_NAME = "$(TARGET_NAME)";
				SWIFT_VERSION = 5.0;
				TARGETED_DEVICE_FAMILY = "1,2";
				TEST_HOST = "$(BUILT_PRODUCTS_DIR)/counterjack.app/counterjack";
			};
			name = Debug;
		};
		E7186D7B2558181100CF6A81 /* Release */ = {
			isa = XCBuildConfiguration;
			baseConfigurationReference = F8F65A7E499FFB7E20A537FD /* Pods-counterjackTests.release.xcconfig */;
			buildSettings = {
				ALWAYS_EMBED_SWIFT_STANDARD_LIBRARIES = YES;
				BUNDLE_LOADER = "$(TEST_HOST)";
				CODE_SIGN_STYLE = Automatic;
				DEVELOPMENT_TEAM = 24WP5N7FF2;
				INFOPLIST_FILE = counterjackTests/Info.plist;
				IPHONEOS_DEPLOYMENT_TARGET = 13.1;
				LD_RUNPATH_SEARCH_PATHS = (
					"$(inherited)",
					"@executable_path/Frameworks",
					"@loader_path/Frameworks",
				);
				PRODUCT_BUNDLE_IDENTIFIER = com.samson.counterjackTests;
				PRODUCT_NAME = "$(TARGET_NAME)";
				SWIFT_VERSION = 5.0;
				TARGETED_DEVICE_FAMILY = "1,2";
				TEST_HOST = "$(BUILT_PRODUCTS_DIR)/counterjack.app/counterjack";
			};
			name = Release;
		};
		E7186D7D2558181100CF6A81 /* Debug */ = {
			isa = XCBuildConfiguration;
			baseConfigurationReference = BBC00064BB18A4C6A95A92EC /* Pods-counterjack-counterjackUITests.debug.xcconfig */;
			buildSettings = {
				ALWAYS_EMBED_SWIFT_STANDARD_LIBRARIES = YES;
				CODE_SIGN_STYLE = Automatic;
				DEVELOPMENT_TEAM = 24WP5N7FF2;
				INFOPLIST_FILE = counterjackUITests/Info.plist;
				LD_RUNPATH_SEARCH_PATHS = (
					"$(inherited)",
					"@executable_path/Frameworks",
					"@loader_path/Frameworks",
				);
				PRODUCT_BUNDLE_IDENTIFIER = com.samson.counterjackUITests;
				PRODUCT_NAME = "$(TARGET_NAME)";
				SWIFT_VERSION = 5.0;
				TARGETED_DEVICE_FAMILY = "1,2";
				TEST_TARGET_NAME = counterjack;
			};
			name = Debug;
		};
		E7186D7E2558181100CF6A81 /* Release */ = {
			isa = XCBuildConfiguration;
			baseConfigurationReference = 4AA57AB3FB063FB749BE47CD /* Pods-counterjack-counterjackUITests.release.xcconfig */;
			buildSettings = {
				ALWAYS_EMBED_SWIFT_STANDARD_LIBRARIES = YES;
				CODE_SIGN_STYLE = Automatic;
				DEVELOPMENT_TEAM = 24WP5N7FF2;
				INFOPLIST_FILE = counterjackUITests/Info.plist;
				LD_RUNPATH_SEARCH_PATHS = (
					"$(inherited)",
					"@executable_path/Frameworks",
					"@loader_path/Frameworks",
				);
				PRODUCT_BUNDLE_IDENTIFIER = com.samson.counterjackUITests;
				PRODUCT_NAME = "$(TARGET_NAME)";
				SWIFT_VERSION = 5.0;
				TARGETED_DEVICE_FAMILY = "1,2";
				TEST_TARGET_NAME = counterjack;
			};
			name = Release;
		};
/* End XCBuildConfiguration section */

/* Begin XCConfigurationList section */
		E7186D442558180D00CF6A81 /* Build configuration list for PBXProject "counterjack" */ = {
			isa = XCConfigurationList;
			buildConfigurations = (
				E7186D742558181100CF6A81 /* Debug */,
				E7186D752558181100CF6A81 /* Release */,
			);
			defaultConfigurationIsVisible = 0;
			defaultConfigurationName = Release;
		};
		E7186D762558181100CF6A81 /* Build configuration list for PBXNativeTarget "counterjack" */ = {
			isa = XCConfigurationList;
			buildConfigurations = (
				E7186D772558181100CF6A81 /* Debug */,
				E7186D782558181100CF6A81 /* Release */,
			);
			defaultConfigurationIsVisible = 0;
			defaultConfigurationName = Release;
		};
		E7186D792558181100CF6A81 /* Build configuration list for PBXNativeTarget "counterjackTests" */ = {
			isa = XCConfigurationList;
			buildConfigurations = (
				E7186D7A2558181100CF6A81 /* Debug */,
				E7186D7B2558181100CF6A81 /* Release */,
			);
			defaultConfigurationIsVisible = 0;
			defaultConfigurationName = Release;
		};
		E7186D7C2558181100CF6A81 /* Build configuration list for PBXNativeTarget "counterjackUITests" */ = {
			isa = XCConfigurationList;
			buildConfigurations = (
				E7186D7D2558181100CF6A81 /* Debug */,
				E7186D7E2558181100CF6A81 /* Release */,
			);
			defaultConfigurationIsVisible = 0;
			defaultConfigurationName = Release;
		};
/* End XCConfigurationList section */

/* Begin XCVersionGroup section */
		E7186D552558180D00CF6A81 /* counterjack.xcdatamodeld */ = {
			isa = XCVersionGroup;
			children = (
				E7186D562558180D00CF6A81 /* counterjack.xcdatamodel */,
			);
			currentVersion = E7186D562558180D00CF6A81 /* counterjack.xcdatamodel */;
			path = counterjack.xcdatamodeld;
			sourceTree = "<group>";
			versionGroupType = wrapper.xcdatamodel;
		};
/* End XCVersionGroup section */
	};
	rootObject = E7186D412558180D00CF6A81 /* Project object */;
}
